// !$*UTF8*$!
{
	archiveVersion = 1;
	classes = {
	};
	objectVersion = 56;
	objects = {

/* Begin PBXBuildFile section */
		356657262C1331DF00315264 /* FoodRow.swift in Sources */ = {isa = PBXBuildFile; fileRef = 356657252C1331DF00315264 /* FoodRow.swift */; };
		35E981F82C11DFF5000E74B4 /* FoodsApp_MVVM_SwiftUIApp.swift in Sources */ = {isa = PBXBuildFile; fileRef = 35E981F72C11DFF5000E74B4 /* FoodsApp_MVVM_SwiftUIApp.swift */; };
		35E981FA2C11DFF5000E74B4 /* HomeView.swift in Sources */ = {isa = PBXBuildFile; fileRef = 35E981F92C11DFF5000E74B4 /* HomeView.swift */; };
		35E981FC2C11DFF7000E74B4 /* Assets.xcassets in Resources */ = {isa = PBXBuildFile; fileRef = 35E981FB2C11DFF7000E74B4 /* Assets.xcassets */; };
		35E981FF2C11DFF7000E74B4 /* Preview Assets.xcassets in Resources */ = {isa = PBXBuildFile; fileRef = 35E981FE2C11DFF7000E74B4 /* Preview Assets.xcassets */; };
		35E9820B2C11E37B000E74B4 /* DetailView.swift in Sources */ = {isa = PBXBuildFile; fileRef = 35E9820A2C11E37B000E74B4 /* DetailView.swift */; };
		35E9820D2C11E38D000E74B4 /* HomeViewModel.swift in Sources */ = {isa = PBXBuildFile; fileRef = 35E9820C2C11E38D000E74B4 /* HomeViewModel.swift */; };
		35E982112C11E3AB000E74B4 /* Food.swift in Sources */ = {isa = PBXBuildFile; fileRef = 35E982102C11E3AB000E74B4 /* Food.swift */; };
/* End PBXBuildFile section */

/* Begin PBXFileReference section */
		356657252C1331DF00315264 /* FoodRow.swift */ = {isa = PBXFileReference; lastKnownFileType = sourcecode.swift; path = FoodRow.swift; sourceTree = "<group>"; };
		35E981F42C11DFF5000E74B4 /* FoodsApp-MVVM-SwiftUI.app */ = {isa = PBXFileReference; explicitFileType = wrapper.application; includeInIndex = 0; path = "FoodsApp-MVVM-SwiftUI.app"; sourceTree = BUILT_PRODUCTS_DIR; };
		35E981F72C11DFF5000E74B4 /* FoodsApp_MVVM_SwiftUIApp.swift */ = {isa = PBXFileReference; lastKnownFileType = sourcecode.swift; path = FoodsApp_MVVM_SwiftUIApp.swift; sourceTree = "<group>"; };
		35E981F92C11DFF5000E74B4 /* HomeView.swift */ = {isa = PBXFileReference; lastKnownFileType = sourcecode.swift; path = HomeView.swift; sourceTree = "<group>"; };
		35E981FB2C11DFF7000E74B4 /* Assets.xcassets */ = {isa = PBXFileReference; lastKnownFileType = folder.assetcatalog; path = Assets.xcassets; sourceTree = "<group>"; };
		35E981FE2C11DFF7000E74B4 /* Preview Assets.xcassets */ = {isa = PBXFileReference; lastKnownFileType = folder.assetcatalog; path = "Preview Assets.xcassets"; sourceTree = "<group>"; };
		35E9820A2C11E37B000E74B4 /* DetailView.swift */ = {isa = PBXFileReference; lastKnownFileType = sourcecode.swift; path = DetailView.swift; sourceTree = "<group>"; };
		35E9820C2C11E38D000E74B4 /* HomeViewModel.swift */ = {isa = PBXFileReference; lastKnownFileType = sourcecode.swift; path = HomeViewModel.swift; sourceTree = "<group>"; };
		35E982102C11E3AB000E74B4 /* Food.swift */ = {isa = PBXFileReference; lastKnownFileType = sourcecode.swift; path = Food.swift; sourceTree = "<group>"; };
/* End PBXFileReference section */

/* Begin PBXFrameworksBuildPhase section */
		35E981F12C11DFF5000E74B4 /* Frameworks */ = {
			isa = PBXFrameworksBuildPhase;
			buildActionMask = 2147483647;
			files = (
			);
			runOnlyForDeploymentPostprocessing = 0;
		};
/* End PBXFrameworksBuildPhase section */

/* Begin PBXGroup section */
		356657242C1331CB00315264 /* List */ = {
			isa = PBXGroup;
			children = (
				356657252C1331DF00315264 /* FoodRow.swift */,
			);
			path = List;
			sourceTree = "<group>";
		};
		35E981EB2C11DFF5000E74B4 = {
			isa = PBXGroup;
			children = (
				35E981F62C11DFF5000E74B4 /* FoodsApp-MVVM-SwiftUI */,
				35E981F52C11DFF5000E74B4 /* Products */,
			);
			sourceTree = "<group>";
		};
		35E981F52C11DFF5000E74B4 /* Products */ = {
			isa = PBXGroup;
			children = (
				35E981F42C11DFF5000E74B4 /* FoodsApp-MVVM-SwiftUI.app */,
			);
			name = Products;
			sourceTree = "<group>";
		};
		35E981F62C11DFF5000E74B4 /* FoodsApp-MVVM-SwiftUI */ = {
			isa = PBXGroup;
			children = (
				35E982052C11E263000E74B4 /* App */,
				35E982072C11E278000E74B4 /* Model */,
				35E982062C11E26E000E74B4 /* View */,
				35E982082C11E27E000E74B4 /* ViewModel */,
				35E982092C11E29D000E74B4 /* Assets */,
			);
			path = "FoodsApp-MVVM-SwiftUI";
			sourceTree = "<group>";
		};
		35E981FD2C11DFF7000E74B4 /* Preview Content */ = {
			isa = PBXGroup;
			children = (
				35E981FE2C11DFF7000E74B4 /* Preview Assets.xcassets */,
			);
			path = "Preview Content";
			sourceTree = "<group>";
		};
		35E982052C11E263000E74B4 /* App */ = {
			isa = PBXGroup;
			children = (
				35E981F72C11DFF5000E74B4 /* FoodsApp_MVVM_SwiftUIApp.swift */,
			);
			path = App;
			sourceTree = "<group>";
		};
		35E982062C11E26E000E74B4 /* View */ = {
			isa = PBXGroup;
			children = (
				35E981F92C11DFF5000E74B4 /* HomeView.swift */,
				35E9820A2C11E37B000E74B4 /* DetailView.swift */,
				356657242C1331CB00315264 /* List */,
			);
			path = View;
			sourceTree = "<group>";
		};
		35E982072C11E278000E74B4 /* Model */ = {
			isa = PBXGroup;
			children = (
				35E982102C11E3AB000E74B4 /* Food.swift */,
			);
			path = Model;
			sourceTree = "<group>";
		};
		35E982082C11E27E000E74B4 /* ViewModel */ = {
			isa = PBXGroup;
			children = (
				35E9820C2C11E38D000E74B4 /* HomeViewModel.swift */,
			);
			path = ViewModel;
			sourceTree = "<group>";
		};
		35E982092C11E29D000E74B4 /* Assets */ = {
			isa = PBXGroup;
			children = (
				35E981FB2C11DFF7000E74B4 /* Assets.xcassets */,
				35E981FD2C11DFF7000E74B4 /* Preview Content */,
			);
			path = Assets;
			sourceTree = "<group>";
		};
/* End PBXGroup section */

/* Begin PBXNativeTarget section */
		35E981F32C11DFF5000E74B4 /* FoodsApp-MVVM-SwiftUI */ = {
			isa = PBXNativeTarget;
			buildConfigurationList = 35E982022C11DFF7000E74B4 /* Build configuration list for PBXNativeTarget "FoodsApp-MVVM-SwiftUI" */;
			buildPhases = (
				35E981F02C11DFF5000E74B4 /* Sources */,
				35E981F12C11DFF5000E74B4 /* Frameworks */,
				35E981F22C11DFF5000E74B4 /* Resources */,
			);
			buildRules = (
			);
			dependencies = (
			);
			name = "FoodsApp-MVVM-SwiftUI";
			productName = "FoodsApp-MVVM-SwiftUI";
			productReference = 35E981F42C11DFF5000E74B4 /* FoodsApp-MVVM-SwiftUI.app */;
			productType = "com.apple.product-type.application";
		};
/* End PBXNativeTarget section */

/* Begin PBXProject section */
		35E981EC2C11DFF5000E74B4 /* Project object */ = {
			isa = PBXProject;
			attributes = {
				BuildIndependentTargetsInParallel = 1;
				LastSwiftUpdateCheck = 1540;
				LastUpgradeCheck = 1540;
				TargetAttributes = {
					35E981F32C11DFF5000E74B4 = {
						CreatedOnToolsVersion = 15.4;
					};
				};
			};
			buildConfigurationList = 35E981EF2C11DFF5000E74B4 /* Build configuration list for PBXProject "FoodsApp-MVVM-SwiftUI" */;
			compatibilityVersion = "Xcode 14.0";
			developmentRegion = en;
			hasScannedForEncodings = 0;
			knownRegions = (
				en,
				Base,
			);
			mainGroup = 35E981EB2C11DFF5000E74B4;
			productRefGroup = 35E981F52C11DFF5000E74B4 /* Products */;
			projectDirPath = "";
			projectRoot = "";
			targets = (
				35E981F32C11DFF5000E74B4 /* FoodsApp-MVVM-SwiftUI */,
			);
		};
/* End PBXProject section */

/* Begin PBXResourcesBuildPhase section */
		35E981F22C11DFF5000E74B4 /* Resources */ = {
			isa = PBXResourcesBuildPhase;
			buildActionMask = 2147483647;
			files = (
				35E981FF2C11DFF7000E74B4 /* Preview Assets.xcassets in Resources */,
				35E981FC2C11DFF7000E74B4 /* Assets.xcassets in Resources */,
			);
			runOnlyForDeploymentPostprocessing = 0;
		};
/* End PBXResourcesBuildPhase section */

/* Begin PBXSourcesBuildPhase section */
		35E981F02C11DFF5000E74B4 /* Sources */ = {
			isa = PBXSourcesBuildPhase;
			buildActionMask = 2147483647;
			files = (
				35E981FA2C11DFF5000E74B4 /* HomeView.swift in Sources */,
				35E9820B2C11E37B000E74B4 /* DetailView.swift in Sources */,
				35E981F82C11DFF5000E74B4 /* FoodsApp_MVVM_SwiftUIApp.swift in Sources */,
				356657262C1331DF00315264 /* FoodRow.swift in Sources */,
				35E9820D2C11E38D000E74B4 /* HomeViewModel.swift in Sources */,
				35E982112C11E3AB000E74B4 /* Food.swift in Sources */,
			);
			runOnlyForDeploymentPostprocessing = 0;
		};
/* End PBXSourcesBuildPhase section */

/* Begin XCBuildConfiguration section */
		35E982002C11DFF7000E74B4 /* Debug */ = {
			isa = XCBuildConfiguration;
			buildSettings = {
				ALWAYS_SEARCH_USER_PATHS = NO;
				ASSETCATALOG_COMPILER_GENERATE_SWIFT_ASSET_SYMBOL_EXTENSIONS = YES;
				CLANG_ANALYZER_NONNULL = YES;
				CLANG_ANALYZER_NUMBER_OBJECT_CONVERSION = YES_AGGRESSIVE;
				CLANG_CXX_LANGUAGE_STANDARD = "gnu++20";
				CLANG_ENABLE_MODULES = YES;
				CLANG_ENABLE_OBJC_ARC = YES;
				CLANG_ENABLE_OBJC_WEAK = YES;
				CLANG_WARN_BLOCK_CAPTURE_AUTORELEASING = YES;
				CLANG_WARN_BOOL_CONVERSION = YES;
				CLANG_WARN_COMMA = YES;
				CLANG_WARN_CONSTANT_CONVERSION = YES;
				CLANG_WARN_DEPRECATED_OBJC_IMPLEMENTATIONS = YES;
				CLANG_WARN_DIRECT_OBJC_ISA_USAGE = YES_ERROR;
				CLANG_WARN_DOCUMENTATION_COMMENTS = YES;
				CLANG_WARN_EMPTY_BODY = YES;
				CLANG_WARN_ENUM_CONVERSION = YES;
				CLANG_WARN_INFINITE_RECURSION = YES;
				CLANG_WARN_INT_CONVERSION = YES;
				CLANG_WARN_NON_LITERAL_NULL_CONVERSION = YES;
				CLANG_WARN_OBJC_IMPLICIT_RETAIN_SELF = YES;
				CLANG_WARN_OBJC_LITERAL_CONVERSION = YES;
				CLANG_WARN_OBJC_ROOT_CLASS = YES_ERROR;
				CLANG_WARN_QUOTED_INCLUDE_IN_FRAMEWORK_HEADER = YES;
				CLANG_WARN_RANGE_LOOP_ANALYSIS = YES;
				CLANG_WARN_STRICT_PROTOTYPES = YES;
				CLANG_WARN_SUSPICIOUS_MOVE = YES;
				CLANG_WARN_UNGUARDED_AVAILABILITY = YES_AGGRESSIVE;
				CLANG_WARN_UNREACHABLE_CODE = YES;
				CLANG_WARN__DUPLICATE_METHOD_MATCH = YES;
				COPY_PHASE_STRIP = NO;
				DEBUG_INFORMATION_FORMAT = dwarf;
				ENABLE_STRICT_OBJC_MSGSEND = YES;
				ENABLE_TESTABILITY = YES;
				ENABLE_USER_SCRIPT_SANDBOXING = YES;
				GCC_C_LANGUAGE_STANDARD = gnu17;
				GCC_DYNAMIC_NO_PIC = NO;
				GCC_NO_COMMON_BLOCKS = YES;
				GCC_OPTIMIZATION_LEVEL = 0;
				GCC_PREPROCESSOR_DEFINITIONS = (
					"DEBUG=1",
					"$(inherited)",
				);
				GCC_WARN_64_TO_32_BIT_CONVERSION = YES;
				GCC_WARN_ABOUT_RETURN_TYPE = YES_ERROR;
				GCC_WARN_UNDECLARED_SELECTOR = YES;
				GCC_WARN_UNINITIALIZED_AUTOS = YES_AGGRESSIVE;
				GCC_WARN_UNUSED_FUNCTION = YES;
				GCC_WARN_UNUSED_VARIABLE = YES;
				IPHONEOS_DEPLOYMENT_TARGET = 17.5;
				LOCALIZATION_PREFERS_STRING_CATALOGS = YES;
				MTL_ENABLE_DEBUG_INFO = INCLUDE_SOURCE;
				MTL_FAST_MATH = YES;
				ONLY_ACTIVE_ARCH = YES;
				SDKROOT = iphoneos;
				SWIFT_ACTIVE_COMPILATION_CONDITIONS = "DEBUG $(inherited)";
				SWIFT_OPTIMIZATION_LEVEL = "-Onone";
			};
			name = Debug;
		};
		35E982012C11DFF7000E74B4 /* Release */ = {
			isa = XCBuildConfiguration;
			buildSettings = {
				ALWAYS_SEARCH_USER_PATHS = NO;
				ASSETCATALOG_COMPILER_GENERATE_SWIFT_ASSET_SYMBOL_EXTENSIONS = YES;
				CLANG_ANALYZER_NONNULL = YES;
				CLANG_ANALYZER_NUMBER_OBJECT_CONVERSION = YES_AGGRESSIVE;
				CLANG_CXX_LANGUAGE_STANDARD = "gnu++20";
				CLANG_ENABLE_MODULES = YES;
				CLANG_ENABLE_OBJC_ARC = YES;
				CLANG_ENABLE_OBJC_WEAK = YES;
				CLANG_WARN_BLOCK_CAPTURE_AUTORELEASING = YES;
				CLANG_WARN_BOOL_CONVERSION = YES;
				CLANG_WARN_COMMA = YES;
				CLANG_WARN_CONSTANT_CONVERSION = YES;
				CLANG_WARN_DEPRECATED_OBJC_IMPLEMENTATIONS = YES;
				CLANG_WARN_DIRECT_OBJC_ISA_USAGE = YES_ERROR;
				CLANG_WARN_DOCUMENTATION_COMMENTS = YES;
				CLANG_WARN_EMPTY_BODY = YES;
				CLANG_WARN_ENUM_CONVERSION = YES;
				CLANG_WARN_INFINITE_RECURSION = YES;
				CLANG_WARN_INT_CONVERSION = YES;
				CLANG_WARN_NON_LITERAL_NULL_CONVERSION = YES;
				CLANG_WARN_OBJC_IMPLICIT_RETAIN_SELF = YES;
				CLANG_WARN_OBJC_LITERAL_CONVERSION = YES;
				CLANG_WARN_OBJC_ROOT_CLASS = YES_ERROR;
				CLANG_WARN_QUOTED_INCLUDE_IN_FRAMEWORK_HEADER = YES;
				CLANG_WARN_RANGE_LOOP_ANALYSIS = YES;
				CLANG_WARN_STRICT_PROTOTYPES = YES;
				CLANG_WARN_SUSPICIOUS_MOVE = YES;
				CLANG_WARN_UNGUARDED_AVAILABILITY = YES_AGGRESSIVE;
				CLANG_WARN_UNREACHABLE_CODE = YES;
				CLANG_WARN__DUPLICATE_METHOD_MATCH = YES;
				COPY_PHASE_STRIP = NO;
				DEBUG_INFORMATION_FORMAT = "dwarf-with-dsym";
				ENABLE_NS_ASSERTIONS = NO;
				ENABLE_STRICT_OBJC_MSGSEND = YES;
				ENABLE_USER_SCRIPT_SANDBOXING = YES;
				GCC_C_LANGUAGE_STANDARD = gnu17;
				GCC_NO_COMMON_BLOCKS = YES;
				GCC_WARN_64_TO_32_BIT_CONVERSION = YES;
				GCC_WARN_ABOUT_RETURN_TYPE = YES_ERROR;
				GCC_WARN_UNDECLARED_SELECTOR = YES;
				GCC_WARN_UNINITIALIZED_AUTOS = YES_AGGRESSIVE;
				GCC_WARN_UNUSED_FUNCTION = YES;
				GCC_WARN_UNUSED_VARIABLE = YES;
				IPHONEOS_DEPLOYMENT_TARGET = 17.5;
				LOCALIZATION_PREFERS_STRING_CATALOGS = YES;
				MTL_ENABLE_DEBUG_INFO = NO;
				MTL_FAST_MATH = YES;
				SDKROOT = iphoneos;
				SWIFT_COMPILATION_MODE = wholemodule;
				VALIDATE_PRODUCT = YES;
			};
			name = Release;
		};
		35E982032C11DFF7000E74B4 /* Debug */ = {
			isa = XCBuildConfiguration;
			buildSettings = {
				ASSETCATALOG_COMPILER_APPICON_NAME = AppIcon;
				ASSETCATALOG_COMPILER_GLOBAL_ACCENT_COLOR_NAME = AccentColor;
				CODE_SIGN_STYLE = Automatic;
				CURRENT_PROJECT_VERSION = 1;
				DEVELOPMENT_ASSET_PATHS = "\"FoodsApp-MVVM-SwiftUI/Assets/Preview Content\"";
				DEVELOPMENT_TEAM = 688BH99XNH;
				ENABLE_PREVIEWS = YES;
				GENERATE_INFOPLIST_FILE = YES;
				INFOPLIST_KEY_UIApplicationSceneManifest_Generation = YES;
				INFOPLIST_KEY_UIApplicationSupportsIndirectInputEvents = YES;
				INFOPLIST_KEY_UILaunchScreen_Generation = YES;
				INFOPLIST_KEY_UISupportedInterfaceOrientations_iPad = "UIInterfaceOrientationPortrait UIInterfaceOrientationPortraitUpsideDown UIInterfaceOrientationLandscapeLeft UIInterfaceOrientationLandscapeRight";
				INFOPLIST_KEY_UISupportedInterfaceOrientations_iPhone = "UIInterfaceOrientationPortrait UIInterfaceOrientationLandscapeLeft UIInterfaceOrientationLandscapeRight";
				LD_RUNPATH_SEARCH_PATHS = (
					"$(inherited)",
					"@executable_path/Frameworks",
				);
				MARKETING_VERSION = 1.0;
				PRODUCT_BUNDLE_IDENTIFIER = "com.sabridindar.FoodsApp-MVVM-SwiftUI";
				PRODUCT_NAME = "$(TARGET_NAME)";
				SWIFT_EMIT_LOC_STRINGS = YES;
				SWIFT_VERSION = 5.0;
				TARGETED_DEVICE_FAMILY = "1,2";
			};
			name = Debug;
		};
		35E982042C11DFF7000E74B4 /* Release */ = {
			isa = XCBuildConfiguration;
			buildSettings = {
				ASSETCATALOG_COMPILER_APPICON_NAME = AppIcon;
				ASSETCATALOG_COMPILER_GLOBAL_ACCENT_COLOR_NAME = AccentColor;
				CODE_SIGN_STYLE = Automatic;
				CURRENT_PROJECT_VERSION = 1;
				DEVELOPMENT_ASSET_PATHS = "\"FoodsApp-MVVM-SwiftUI/Assets/Preview Content\"";
				DEVELOPMENT_TEAM = 688BH99XNH;
				ENABLE_PREVIEWS = YES;
				GENERATE_INFOPLIST_FILE = YES;
				INFOPLIST_KEY_UIApplicationSceneManifest_Generation = YES;
				INFOPLIST_KEY_UIApplicationSupportsIndirectInputEvents = YES;
				INFOPLIST_KEY_UILaunchScreen_Generation = YES;
				INFOPLIST_KEY_UISupportedInterfaceOrientations_iPad = "UIInterfaceOrientationPortrait UIInterfaceOrientationPortraitUpsideDown UIInterfaceOrientationLandscapeLeft UIInterfaceOrientationLandscapeRight";
				INFOPLIST_KEY_UISupportedInterfaceOrientations_iPhone = "UIInterfaceOrientationPortrait UIInterfaceOrientationLandscapeLeft UIInterfaceOrientationLandscapeRight";
				LD_RUNPATH_SEARCH_PATHS = (
					"$(inherited)",
					"@executable_path/Frameworks",
				);
				MARKETING_VERSION = 1.0;
				PRODUCT_BUNDLE_IDENTIFIER = "com.sabridindar.FoodsApp-MVVM-SwiftUI";
				PRODUCT_NAME = "$(TARGET_NAME)";
				SWIFT_EMIT_LOC_STRINGS = YES;
				SWIFT_VERSION = 5.0;
				TARGETED_DEVICE_FAMILY = "1,2";
			};
			name = Release;
		};
/* End XCBuildConfiguration section */

/* Begin XCConfigurationList section */
		35E981EF2C11DFF5000E74B4 /* Build configuration list for PBXProject "FoodsApp-MVVM-SwiftUI" */ = {
			isa = XCConfigurationList;
			buildConfigurations = (
				35E982002C11DFF7000E74B4 /* Debug */,
				35E982012C11DFF7000E74B4 /* Release */,
			);
			defaultConfigurationIsVisible = 0;
			defaultConfigurationName = Release;
		};
		35E982022C11DFF7000E74B4 /* Build configuration list for PBXNativeTarget "FoodsApp-MVVM-SwiftUI" */ = {
			isa = XCConfigurationList;
			buildConfigurations = (
				35E982032C11DFF7000E74B4 /* Debug */,
				35E982042C11DFF7000E74B4 /* Release */,
			);
			defaultConfigurationIsVisible = 0;
			defaultConfigurationName = Release;
		};
/* End XCConfigurationList section */
	};
	rootObject = 35E981EC2C11DFF5000E74B4 /* Project object */;
}
